Microsoft Visual Studio Solution File, Format Version 12.00
# Visual Studio Version 17
VisualStudioVersion = 17.5.2.0
MinimumVisualStudioVersion = 10.0.40219.1
Project("{FAE04EC0-301F-11D3-BF4B-00C04F79EFBC}") = "LiveStockApi", "LiveStockApi\LiveStockApi.csproj", "{310B4A43-D5C8-6ADA-9A72-DE5A3E13455E}"
EndProject
Global
	GlobalSection(SolutionConfigurationPlatforms) = preSolution
		Debug|Any CPU = Debug|Any CPU
		Release|Any CPU = Release|Any CPU
	EndGlobalSection
	GlobalSection(ProjectConfigurationPlatforms) = postSolution
		{310B4A43-D5C8-6ADA-9A72-DE5A3E13455E}.Debug|Any CPU.ActiveCfg = Debug|Any CPU
		{310B4A43-D5C8-6ADA-9A72-DE5A3E13455E}.Debug|Any CPU.Build.0 = Debug|Any CPU
		{310B4A43-D5C8-6ADA-9A72-DE5A3E13455E}.Release|Any CPU.ActiveCfg = Release|Any CPU
		{310B4A43-D5C8-6ADA-9A72-DE5A3E13455E}.Release|Any CPU.Build.0 = Release|Any CPU
	EndGlobalSection
	GlobalSection(SolutionProperties) = preSolution
		HideSolutionNode = FALSE
	EndGlobalSection
	GlobalSection(ExtensibilityGlobals) = postSolution
		SolutionGuid = {F60F057F-DECE-4EDD-847E-9DA17CD4BE34}
	EndGlobalSection
EndGlobal
